
Microsoft Visual Studio Solution File, Format Version 12.00
# Visual Studio Version 17
VisualStudioVersion = 17.13.35913.81
MinimumVisualStudioVersion = 10.0.40219.1
Project("{FAE04EC0-301F-11D3-BF4B-00C04F79EFBC}") = "ChatMonitor", "ChatMonitor\ChatMonitor.csproj", "{45B74E8C-4222-4015-B127-0C2FA6DAB499}"
EndProject
Project("{2150E333-8FDC-42A3-9474-1A3956D46DE8}") = "ViewModules", "ViewModules", "{02EA681E-C7D8-13C7-8484-4AC65E1B71E8}"
EndProject
Project("{FAE04EC0-301F-11D3-BF4B-00C04F79EFBC}") = "MessagingModule", "Messaging\MessagingModule.csproj", "{DC36872F-FE3E-42BB-B96D-D7FAFB974A47}"
EndProject
Project("{FAE04EC0-301F-11D3-BF4B-00C04F79EFBC}") = "ConfigurationConstants", "ConfigurationConstants\ConfigurationConstants.csproj", "{2180FD52-8ADC-469E-BDF2-F9133E97E26A}"
EndProject
Project("{FAE04EC0-301F-11D3-BF4B-00C04F79EFBC}") = "DataManagement", "DataManagement\DataManagement.csproj", "{0DB73FE8-E7D8-49F1-9C8F-244757B278A1}"
EndProject
Project("{2150E333-8FDC-42A3-9474-1A3956D46DE8}") = "Server", "Server", "{B8F8297B-09F9-447B-AF31-B6EB8001CE21}"
EndProject
Project("{2150E333-8FDC-42A3-9474-1A3956D46DE8}") = "Client", "Client", "{D95A3650-BD33-4F93-9A78-F947B064D3C0}"
EndProject
Project("{2150E333-8FDC-42A3-9474-1A3956D46DE8}") = "Data", "Data", "{65155738-2CEB-4D73-82D1-E7ED026677A6}"
EndProject
Project("{FAE04EC0-301F-11D3-BF4B-00C04F79EFBC}") = "MessagingServer", "MessagingServer\MessagingServer.csproj", "{0928D8FA-1748-425A-8F84-FC29DAB1598F}"
EndProject
Project("{FAE04EC0-301F-11D3-BF4B-00C04F79EFBC}") = "MessageManager", "MessageManager\MessageManager.csproj", "{3AB92BD4-49B6-4249-BD72-A056FEF2E52F}"
EndProject
Project("{2150E333-8FDC-42A3-9474-1A3956D46DE8}") = "Test", "Test", "{8E809026-EF4E-46EB-A4B6-E7D8FEA7ED9F}"
EndProject
Project("{FAE04EC0-301F-11D3-BF4B-00C04F79EFBC}") = "ChatMonitorTest", "ChatMonitorTest\ChatMonitorTest.csproj", "{C9D9E20A-E76B-4F52-A645-E40CA4889C98}"
EndProject
Project("{2150E333-8FDC-42A3-9474-1A3956D46DE8}") = "Solution Items", "Solution Items", "{8EC462FD-D22E-90A8-E5CE-7E832BA40C5D}"
	ProjectSection(SolutionItems) = preProject
		..\README.md = ..\README.md
	EndProjectSection
EndProject
Global
	GlobalSection(SolutionConfigurationPlatforms) = preSolution
		Debug|Any CPU = Debug|Any CPU
		Debug|x64 = Debug|x64
		Debug|x86 = Debug|x86
		Release|Any CPU = Release|Any CPU
		Release|x64 = Release|x64
		Release|x86 = Release|x86
	EndGlobalSection
	GlobalSection(ProjectConfigurationPlatforms) = postSolution
		{45B74E8C-4222-4015-B127-0C2FA6DAB499}.Debug|Any CPU.ActiveCfg = Debug|Any CPU
		{45B74E8C-4222-4015-B127-0C2FA6DAB499}.Debug|Any CPU.Build.0 = Debug|Any CPU
		{45B74E8C-4222-4015-B127-0C2FA6DAB499}.Debug|x64.ActiveCfg = Debug|Any CPU
		{45B74E8C-4222-4015-B127-0C2FA6DAB499}.Debug|x64.Build.0 = Debug|Any CPU
		{45B74E8C-4222-4015-B127-0C2FA6DAB499}.Debug|x86.ActiveCfg = Debug|Any CPU
		{45B74E8C-4222-4015-B127-0C2FA6DAB499}.Debug|x86.Build.0 = Debug|Any CPU
		{45B74E8C-4222-4015-B127-0C2FA6DAB499}.Release|Any CPU.ActiveCfg = Release|Any CPU
		{45B74E8C-4222-4015-B127-0C2FA6DAB499}.Release|Any CPU.Build.0 = Release|Any CPU
		{45B74E8C-4222-4015-B127-0C2FA6DAB499}.Release|x64.ActiveCfg = Release|Any CPU
		{45B74E8C-4222-4015-B127-0C2FA6DAB499}.Release|x64.Build.0 = Release|Any CPU
		{45B74E8C-4222-4015-B127-0C2FA6DAB499}.Release|x86.ActiveCfg = Release|Any CPU
		{45B74E8C-4222-4015-B127-0C2FA6DAB499}.Release|x86.Build.0 = Release|Any CPU
		{DC36872F-FE3E-42BB-B96D-D7FAFB974A47}.Debug|Any CPU.ActiveCfg = Debug|Any CPU
		{DC36872F-FE3E-42BB-B96D-D7FAFB974A47}.Debug|Any CPU.Build.0 = Debug|Any CPU
		{DC36872F-FE3E-42BB-B96D-D7FAFB974A47}.Debug|x64.ActiveCfg = Debug|Any CPU
		{DC36872F-FE3E-42BB-B96D-D7FAFB974A47}.Debug|x64.Build.0 = Debug|Any CPU
		{DC36872F-FE3E-42BB-B96D-D7FAFB974A47}.Debug|x86.ActiveCfg = Debug|Any CPU
		{DC36872F-FE3E-42BB-B96D-D7FAFB974A47}.Debug|x86.Build.0 = Debug|Any CPU
		{DC36872F-FE3E-42BB-B96D-D7FAFB974A47}.Release|Any CPU.ActiveCfg = Release|Any CPU
		{DC36872F-FE3E-42BB-B96D-D7FAFB974A47}.Release|Any CPU.Build.0 = Release|Any CPU
		{DC36872F-FE3E-42BB-B96D-D7FAFB974A47}.Release|x64.ActiveCfg = Release|Any CPU
		{DC36872F-FE3E-42BB-B96D-D7FAFB974A47}.Release|x64.Build.0 = Release|Any CPU
		{DC36872F-FE3E-42BB-B96D-D7FAFB974A47}.Release|x86.ActiveCfg = Release|Any CPU
		{DC36872F-FE3E-42BB-B96D-D7FAFB974A47}.Release|x86.Build.0 = Release|Any CPU
		{2180FD52-8ADC-469E-BDF2-F9133E97E26A}.Debug|Any CPU.ActiveCfg = Debug|Any CPU
		{2180FD52-8ADC-469E-BDF2-F9133E97E26A}.Debug|Any CPU.Build.0 = Debug|Any CPU
		{2180FD52-8ADC-469E-BDF2-F9133E97E26A}.Debug|x64.ActiveCfg = Debug|Any CPU
		{2180FD52-8ADC-469E-BDF2-F9133E97E26A}.Debug|x64.Build.0 = Debug|Any CPU
		{2180FD52-8ADC-469E-BDF2-F9133E97E26A}.Debug|x86.ActiveCfg = Debug|Any CPU
		{2180FD52-8ADC-469E-BDF2-F9133E97E26A}.Debug|x86.Build.0 = Debug|Any CPU
		{2180FD52-8ADC-469E-BDF2-F9133E97E26A}.Release|Any CPU.ActiveCfg = Release|Any CPU
		{2180FD52-8ADC-469E-BDF2-F9133E97E26A}.Release|Any CPU.Build.0 = Release|Any CPU
		{2180FD52-8ADC-469E-BDF2-F9133E97E26A}.Release|x64.ActiveCfg = Release|Any CPU
		{2180FD52-8ADC-469E-BDF2-F9133E97E26A}.Release|x64.Build.0 = Release|Any CPU
		{2180FD52-8ADC-469E-BDF2-F9133E97E26A}.Release|x86.ActiveCfg = Release|Any CPU
		{2180FD52-8ADC-469E-BDF2-F9133E97E26A}.Release|x86.Build.0 = Release|Any CPU
		{0DB73FE8-E7D8-49F1-9C8F-244757B278A1}.Debug|Any CPU.ActiveCfg = Debug|Any CPU
		{0DB73FE8-E7D8-49F1-9C8F-244757B278A1}.Debug|Any CPU.Build.0 = Debug|Any CPU
		{0DB73FE8-E7D8-49F1-9C8F-244757B278A1}.Debug|x64.ActiveCfg = Debug|Any CPU
		{0DB73FE8-E7D8-49F1-9C8F-244757B278A1}.Debug|x64.Build.0 = Debug|Any CPU
		{0DB73FE8-E7D8-49F1-9C8F-244757B278A1}.Debug|x86.ActiveCfg = Debug|Any CPU
		{0DB73FE8-E7D8-49F1-9C8F-244757B278A1}.Debug|x86.Build.0 = Debug|Any CPU
		{0DB73FE8-E7D8-49F1-9C8F-244757B278A1}.Release|Any CPU.ActiveCfg = Release|Any CPU
		{0DB73FE8-E7D8-49F1-9C8F-244757B278A1}.Release|Any CPU.Build.0 = Release|Any CPU
		{0DB73FE8-E7D8-49F1-9C8F-244757B278A1}.Release|x64.ActiveCfg = Release|Any CPU
		{0DB73FE8-E7D8-49F1-9C8F-244757B278A1}.Release|x64.Build.0 = Release|Any CPU
		{0DB73FE8-E7D8-49F1-9C8F-244757B278A1}.Release|x86.ActiveCfg = Release|Any CPU
		{0DB73FE8-E7D8-49F1-9C8F-244757B278A1}.Release|x86.Build.0 = Release|Any CPU
		{0928D8FA-1748-425A-8F84-FC29DAB1598F}.Debug|Any CPU.ActiveCfg = Debug|Any CPU
		{0928D8FA-1748-425A-8F84-FC29DAB1598F}.Debug|Any CPU.Build.0 = Debug|Any CPU
		{0928D8FA-1748-425A-8F84-FC29DAB1598F}.Debug|x64.ActiveCfg = Debug|Any CPU
		{0928D8FA-1748-425A-8F84-FC29DAB1598F}.Debug|x64.Build.0 = Debug|Any CPU
		{0928D8FA-1748-425A-8F84-FC29DAB1598F}.Debug|x86.ActiveCfg = Debug|Any CPU
		{0928D8FA-1748-425A-8F84-FC29DAB1598F}.Debug|x86.Build.0 = Debug|Any CPU
		{0928D8FA-1748-425A-8F84-FC29DAB1598F}.Release|Any CPU.ActiveCfg = Release|Any CPU
		{0928D8FA-1748-425A-8F84-FC29DAB1598F}.Release|Any CPU.Build.0 = Release|Any CPU
		{0928D8FA-1748-425A-8F84-FC29DAB1598F}.Release|x64.ActiveCfg = Release|Any CPU
		{0928D8FA-1748-425A-8F84-FC29DAB1598F}.Release|x64.Build.0 = Release|Any CPU
		{0928D8FA-1748-425A-8F84-FC29DAB1598F}.Release|x86.ActiveCfg = Release|Any CPU
		{0928D8FA-1748-425A-8F84-FC29DAB1598F}.Release|x86.Build.0 = Release|Any CPU
		{3AB92BD4-49B6-4249-BD72-A056FEF2E52F}.Debug|Any CPU.ActiveCfg = Debug|Any CPU
		{3AB92BD4-49B6-4249-BD72-A056FEF2E52F}.Debug|Any CPU.Build.0 = Debug|Any CPU
		{3AB92BD4-49B6-4249-BD72-A056FEF2E52F}.Debug|x64.ActiveCfg = Debug|Any CPU
		{3AB92BD4-49B6-4249-BD72-A056FEF2E52F}.Debug|x64.Build.0 = Debug|Any CPU
		{3AB92BD4-49B6-4249-BD72-A056FEF2E52F}.Debug|x86.ActiveCfg = Debug|Any CPU
		{3AB92BD4-49B6-4249-BD72-A056FEF2E52F}.Debug|x86.Build.0 = Debug|Any CPU
		{3AB92BD4-49B6-4249-BD72-A056FEF2E52F}.Release|Any CPU.ActiveCfg = Release|Any CPU
		{3AB92BD4-49B6-4249-BD72-A056FEF2E52F}.Release|Any CPU.Build.0 = Release|Any CPU
		{3AB92BD4-49B6-4249-BD72-A056FEF2E52F}.Release|x64.ActiveCfg = Release|Any CPU
		{3AB92BD4-49B6-4249-BD72-A056FEF2E52F}.Release|x64.Build.0 = Release|Any CPU
		{3AB92BD4-49B6-4249-BD72-A056FEF2E52F}.Release|x86.ActiveCfg = Release|Any CPU
		{3AB92BD4-49B6-4249-BD72-A056FEF2E52F}.Release|x86.Build.0 = Release|Any CPU
		{C9D9E20A-E76B-4F52-A645-E40CA4889C98}.Debug|Any CPU.ActiveCfg = Debug|Any CPU
		{C9D9E20A-E76B-4F52-A645-E40CA4889C98}.Debug|Any CPU.Build.0 = Debug|Any CPU
		{C9D9E20A-E76B-4F52-A645-E40CA4889C98}.Debug|x64.ActiveCfg = Debug|Any CPU
		{C9D9E20A-E76B-4F52-A645-E40CA4889C98}.Debug|x64.Build.0 = Debug|Any CPU
		{C9D9E20A-E76B-4F52-A645-E40CA4889C98}.Debug|x86.ActiveCfg = Debug|Any CPU
		{C9D9E20A-E76B-4F52-A645-E40CA4889C98}.Debug|x86.Build.0 = Debug|Any CPU
		{C9D9E20A-E76B-4F52-A645-E40CA4889C98}.Release|Any CPU.ActiveCfg = Release|Any CPU
		{C9D9E20A-E76B-4F52-A645-E40CA4889C98}.Release|Any CPU.Build.0 = Release|Any CPU
		{C9D9E20A-E76B-4F52-A645-E40CA4889C98}.Release|x64.ActiveCfg = Release|Any CPU
		{C9D9E20A-E76B-4F52-A645-E40CA4889C98}.Release|x64.Build.0 = Release|Any CPU
		{C9D9E20A-E76B-4F52-A645-E40CA4889C98}.Release|x86.ActiveCfg = Release|Any CPU
		{C9D9E20A-E76B-4F52-A645-E40CA4889C98}.Release|x86.Build.0 = Release|Any CPU
	EndGlobalSection
	GlobalSection(SolutionProperties) = preSolution
		HideSolutionNode = FALSE
	EndGlobalSection
	GlobalSection(NestedProjects) = preSolution
		{45B74E8C-4222-4015-B127-0C2FA6DAB499} = {D95A3650-BD33-4F93-9A78-F947B064D3C0}
		{02EA681E-C7D8-13C7-8484-4AC65E1B71E8} = {D95A3650-BD33-4F93-9A78-F947B064D3C0}
		{DC36872F-FE3E-42BB-B96D-D7FAFB974A47} = {02EA681E-C7D8-13C7-8484-4AC65E1B71E8}
		{0DB73FE8-E7D8-49F1-9C8F-244757B278A1} = {65155738-2CEB-4D73-82D1-E7ED026677A6}
		{0928D8FA-1748-425A-8F84-FC29DAB1598F} = {B8F8297B-09F9-447B-AF31-B6EB8001CE21}
		{3AB92BD4-49B6-4249-BD72-A056FEF2E52F} = {D95A3650-BD33-4F93-9A78-F947B064D3C0}
		{C9D9E20A-E76B-4F52-A645-E40CA4889C98} = {8E809026-EF4E-46EB-A4B6-E7D8FEA7ED9F}
	EndGlobalSection
	GlobalSection(ExtensibilityGlobals) = postSolution
		SolutionGuid = {47DB1E0D-E5EB-4791-9AC9-2AFC3377E33B}
	EndGlobalSection
EndGlobal
